{
  "name": "benchmark",
  "version": "1.0.0",
  "lockfileVersion": 1,
  "requires": true,
  "dependencies": {
    "Set": {
      "version": "0.4.1",
      "resolved": "https://registry.npmjs.org/Set/-/Set-0.4.1.tgz",
      "integrity": "sha1-g4VYe+mGPknS/9eoXhoeSxFjPKY="
    },
    "a-star": {
      "version": "0.2.0",
      "resolved": "https://registry.npmjs.org/a-star/-/a-star-0.2.0.tgz",
      "integrity": "sha1-oUI8gww7+aJZ1JC/vycQ55LwRPk=",
      "requires": {
        "Set": "^0.4.1",
        "dict": "^1.4.0",
        "heap": "^0.2.3"
      }
    },
    "ajv": {
      "version": "6.11.0",
      "resolved": "https://registry.npmjs.org/ajv/-/ajv-6.11.0.tgz",
      "integrity": "sha512-nCprB/0syFYy9fVYU1ox1l2KN8S9I+tziH8D4zdZuLT3N6RMlGSGt5FSTpAiHB/Whv8Qs1cWHma1aMKZyaHRKA==",
      "requires": {
        "fast-deep-equal": "^3.1.1",
        "fast-json-stable-stringify": "^2.0.0",
        "json-schema-traverse": "^0.4.1",
        "uri-js": "^4.2.2"
      }
    },
    "asn1": {
      "version": "0.2.3",
      "resolved": "https://registry.npmjs.org/asn1/-/asn1-0.2.3.tgz",
      "integrity": "sha1-2sh4dxPJlmhJ/IGAd36+nB3fO4Y="
    },
    "buffer-equal": {
      "version": "1.0.0",
      "resolved": "https://registry.npmjs.org/buffer-equal/-/buffer-equal-1.0.0.tgz",
      "integrity": "sha1-WWFrSYME1Var1GaWayLu2j7KX74="
    },
    "debug": {
      "version": "3.2.7",
      "resolved": "https://registry.npmjs.org/debug/-/debug-3.2.7.tgz",
      "integrity": "sha512-CFjzYYAi4ThfiQvizrFQevTTXHtnCqWfe7x1AhgEscTz6ZbLbfoLRLPugTQyBth6f8ZERVUSyWHFD/7Wu4t1XQ==",
      "requires": {
        "ms": "^2.1.1"
      }
    },
    "dict": {
      "version": "1.4.0",
      "resolved": "https://registry.npmjs.org/dict/-/dict-1.4.0.tgz",
      "integrity": "sha1-g9h9V88MSsDYNGCESLEKbiO7/qA="
    },
    "endian-toggle": {
      "version": "0.0.0",
      "resolved": "https://registry.npmjs.org/endian-toggle/-/endian-toggle-0.0.0.tgz",
      "integrity": "sha1-5cx1eLEDLW7gHq/Nc3ZdsNtNwKY="
    },
    "fast-deep-equal": {
      "version": "3.1.1",
      "resolved": "https://registry.npmjs.org/fast-deep-equal/-/fast-deep-equal-3.1.1.tgz",
      "integrity": "sha512-8UEa58QDLauDNfpbrX55Q9jrGHThw2ZMdOky5Gl1CDtVeJDPVrG4Jxx1N8jw2gkWaff5UUuX1KJd+9zGe2B+ZA=="
    },
    "fast-json-stable-stringify": {
      "version": "2.1.0",
      "resolved": "https://registry.npmjs.org/fast-json-stable-stringify/-/fast-json-stable-stringify-2.1.0.tgz",
      "integrity": "sha512-lhd/wF+Lk98HZoTCtlVraHtfh5XYijIjalXck7saUtuanSDyLMxnHhSXEDJqHxD7msR8D0uCmqlkwjCV8xvwHw=="
    },
    "heap": {
      "version": "0.2.6",
      "resolved": "https://registry.npmjs.org/heap/-/heap-0.2.6.tgz",
      "integrity": "sha1-CH4fELBGky/IWU3Z5tN4r8nR5aw="
    },
    "inherits": {
      "version": "2.0.4",
      "resolved": "https://registry.npmjs.org/inherits/-/inherits-2.0.4.tgz",
      "integrity": "sha512-k/vGaX4/Yla3WzyMCvTQOXYeIHvqOKtnqBduzTHpzpQZzAskKMhZ2K+EnBiSM9zGSoIFeMpXKxa4dYeZIQqewQ=="
    },
    "json-schema-traverse": {
      "version": "0.4.1",
      "resolved": "https://registry.npmjs.org/json-schema-traverse/-/json-schema-traverse-0.4.1.tgz",
      "integrity": "sha512-xbbCH5dCYU5T8LcEhhuh7HJ88HXuW3qsI3Y0zOZFKfZEHcpWiHU/Jxzk629Brsab/mMiHQti9wMP+845RPe3Vg=="
    },
    "json-stringify-safe": {
      "version": "5.0.1",
      "resolved": "https://registry.npmjs.org/json-stringify-safe/-/json-stringify-safe-5.0.1.tgz",
      "integrity": "sha1-Epai1Y/UXxmg9s4B1lcB4sc1tus="
    },
    "lodash.get": {
      "version": "4.4.2",
      "resolved": "https://registry.npmjs.org/lodash.get/-/lodash.get-4.4.2.tgz",
      "integrity": "sha1-LRd/ZS+jHpObRDjVNBSZ36OCXpk="
    },
    "lodash.merge": {
      "version": "4.6.2",
      "resolved": "https://registry.npmjs.org/lodash.merge/-/lodash.merge-4.6.2.tgz",
      "integrity": "sha512-0KpjqXRVvrYyCsX1swR/XTK0va6VQkQM6MNo7PqW77ByjAhoARA8EfrP1N4+KlKj8YS0ZUCtRT/YUuhyYDujIQ=="
    },
    "lodash.reduce": {
      "version": "4.6.0",
      "resolved": "https://registry.npmjs.org/lodash.reduce/-/lodash.reduce-4.6.0.tgz",
      "integrity": "sha1-8atrg5KZrUj3hKu/R2WW8DuRTTs="
    },
    "macaddress": {
      "version": "0.2.9",
      "resolved": "https://registry.npmjs.org/macaddress/-/macaddress-0.2.9.tgz",
      "integrity": "sha512-k4F1JUof6cQXxNFzx3thLby4oJzXTXQueAOOts944Vqizn+Rjc2QNFenT9FJSLU1CH3PmrHRSyZs2E+Cqw+P2w=="
    },
    "minecraft-data": {
      "version": "2.41.0",
      "resolved": "https://registry.npmjs.org/minecraft-data/-/minecraft-data-2.41.0.tgz",
      "integrity": "sha512-asIDjFkgb8tNdIFkGtLFS3jXi7R6A+y9ALPTH3ZuQIwxAdkku8CwKk6+cYwLRNM+6mfSPaD/mgB3iFk89WPhYg=="
    },
    "minecraft-protocol": {
      "version": "1.10.0",
      "resolved": "https://registry.npmjs.org/minecraft-protocol/-/minecraft-protocol-1.10.0.tgz",
      "integrity": "sha512-pdrTx5TxNEWaRiAu2jAThqaMShH5UBbgOuXRo5a4Vlldyr6JWo+X3hc0RWUxuylsBg1WJU40e7uOhKf0azfhgw==",
      "requires": {
        "buffer-equal": "^1.0.0",
        "debug": "^4.1.0",
        "endian-toggle": "^0.0.0",
        "lodash.get": "^4.1.2",
        "lodash.merge": "^4.3.0",
        "minecraft-data": "^2.41.0",
        "node-rsa": "^0.4.2",
        "prismarine-nbt": "^1.2.1",
        "protodef": "^1.6.7",
        "readable-stream": "^3.0.6",
        "uuid-1345": "^0.99.6",
        "yggdrasil": "^1.1.1"
      },
      "dependencies": {
        "debug": {
          "version": "4.1.1",
          "resolved": "https://registry.npmjs.org/debug/-/debug-4.1.1.tgz",
          "integrity": "sha512-pYAIzeRo8J6KPEaJ0VWOh5Pzkbw/RetuzehGM7QRRX5he4fPHx2rdKMB256ehJCkX+XRQm16eZLqLNS8RSZXZw==",
          "requires": {
            "ms": "^2.1.1"
          }
        }
      }
    },
    "mineflayer": {
      "version": "2.11.0",
      "resolved": "https://registry.npmjs.org/mineflayer/-/mineflayer-2.11.0.tgz",
      "integrity": "sha512-/8ovFdJKzbiMmacRgxU7rdIRmnyjgK7S16Ie45U2BFk7oxJyqhCBHk2+oNNFW+GwkYj6aLGl6WSZKfe2khT4pg==",
      "requires": {
        "minecraft-data": "^2.31.0",
        "minecraft-protocol": "^1.8.1",
        "mojangson": "^0.2.1",
        "prismarine-biome": "^1.0.1",
        "prismarine-block": "^1.0.1",
        "prismarine-chunk": "^1.9.1",
        "prismarine-entity": "^0.2.0",
        "prismarine-item": "^1.0.1",
        "prismarine-recipe": "^1.0.1",
        "prismarine-windows": "^1.1.0",
        "protodef": "^1.6.7",
        "sprintf-js": "^1.1.1",
        "vec3": "^0.1.3"
      }
    },
    "mineflayer-navigate": {
      "version": "0.0.10",
      "resolved": "https://registry.npmjs.org/mineflayer-navigate/-/mineflayer-navigate-0.0.10.tgz",
      "integrity": "sha1-fbUrR/1ByaJT5IeIXtR8f8P7UPg=",
      "requires": {
        "a-star": "^0.2.0",
        "vec3": "^0.1.3"
      }
    },
    "mineflayer-scaffold": {
      "version": "0.0.5",
      "resolved": "https://registry.npmjs.org/mineflayer-scaffold/-/mineflayer-scaffold-0.0.5.tgz",
      "integrity": "sha1-Exc+mpTMvbcXPbhKmb3xS9aH7bQ="
    },
    "mojangson": {
      "version": "0.2.4",
      "resolved": "https://registry.npmjs.org/mojangson/-/mojangson-0.2.4.tgz",
      "integrity": "sha512-9NxNAmzf4IcSIgZRdJ+WrWeGjuRUXXkVn5i29oUTCCMUheikVQVokdFqYR4OkWcXU0kMXOcvJl/e7oqX2cWTAw=="
    },
    "ms": {
      "version": "2.1.2",
      "resolved": "https://registry.npmjs.org/ms/-/ms-2.1.2.tgz",
      "integrity": "sha512-sGkPx+VjMtmA6MX27oA4FBFELFCZZ4S4XqeGOXCv68tT+jb3vk/RyaKWP0PTKyWtmLSM0b+adUTEvbs1PEaH2w=="
    },
    "node-rsa": {
      "version": "0.4.2",
      "resolved": "https://registry.npmjs.org/node-rsa/-/node-rsa-0.4.2.tgz",
      "integrity": "sha1-1jkXKewWqDDtWjgEKzFX0tXXJTA=",
      "requires": {
        "asn1": "0.2.3"
      }
    },
    "phin": {
      "version": "2.9.3",
      "resolved": "https://registry.npmjs.org/phin/-/phin-2.9.3.tgz",
      "integrity": "sha512-CzFr90qM24ju5f88quFC/6qohjC144rehe5n6DH900lgXmUe86+xCKc10ev56gRKC4/BkHUoG4uSiQgBiIXwDA=="
    },
    "prismarine-biome": {
      "version": "1.0.1",
      "resolved": "https://registry.npmjs.org/prismarine-biome/-/prismarine-biome-1.0.1.tgz",
      "integrity": "sha1-AuTglRwfEVCLXKy7AU67dt3dsE0="
    },
    "prismarine-block": {
      "version": "1.1.1",
      "resolved": "https://registry.npmjs.org/prismarine-block/-/prismarine-block-1.1.1.tgz",
      "integrity": "sha512-dXqOyEG4Pu7KK5yCZOe5vkEY4uBL1q6qeKrIVxK10MQx6N1V6cl0pNj2OBQZB8V1FFnoFPVJMPzJS4gI2DPlNQ==",
      "requires": {
        "prismarine-biome": "^1.0.0"
      }
    },
    "prismarine-chunk": {
      "version": "1.11.1",
      "resolved": "https://registry.npmjs.org/prismarine-chunk/-/prismarine-chunk-1.11.1.tgz",
      "integrity": "sha512-N/JBy+IKFClkYfHVfwkDcWZMcFWwV2fwfx6oNzMgBZxXO7drEDw5IjDx+UH8cytC0lUx3DB8GWZeGJduayh7IQ==",
      "requires": {
        "prismarine-block": "^1.1.1",
        "protodef": "^1.3.1",
        "uint4": "^0.1.2",
        "vec3": "^0.1.3"
      }
    },
    "prismarine-entity": {
      "version": "0.2.0",
      "resolved": "https://registry.npmjs.org/prismarine-entity/-/prismarine-entity-0.2.0.tgz",
      "integrity": "sha1-vbLBr6cHjl8Kt2ETTiI7B0ks7bw=",
      "requires": {
        "vec3": "~0.1.3"
      }
    },
    "prismarine-item": {
      "version": "1.1.1",
      "resolved": "https://registry.npmjs.org/prismarine-item/-/prismarine-item-1.1.1.tgz",
      "integrity": "sha512-y5bw9uADxGXjtg79V3gagih2v+sae0LGdBjmNDL3L+UULG1TPkh/LwligruYztOuSodHhC7764WsXKT0l2z2fw=="
    },
    "prismarine-nbt": {
      "version": "1.2.1",
      "resolved": "https://registry.npmjs.org/prismarine-nbt/-/prismarine-nbt-1.2.1.tgz",
      "integrity": "sha512-E2bBd2XzmcynT67zrkucgrC2MIgjmUtUathJ9sfjTswT+ou+7kbHbbLHO3nHLb6TKGiWFH79OfUmBTHJFULpbw==",
      "requires": {
        "protodef": "^1.2.1"
      }
    },
    "prismarine-recipe": {
      "version": "1.0.1",
      "resolved": "https://registry.npmjs.org/prismarine-recipe/-/prismarine-recipe-1.0.1.tgz",
      "integrity": "sha1-paMnlrMyyQ7B240UwAgRRVQ9Bz4="
    },
    "prismarine-windows": {
      "version": "1.1.0",
      "resolved": "https://registry.npmjs.org/prismarine-windows/-/prismarine-windows-1.1.0.tgz",
      "integrity": "sha1-XieSbUEoZh7E/Xo1OKAkFK9GNs8=",
      "requires": {
        "prismarine-item": "^1.0.1"
      }
    },
    "protodef": {
      "version": "1.6.10",
      "resolved": "https://registry.npmjs.org/protodef/-/protodef-1.6.10.tgz",
      "integrity": "sha512-tsTML1o/J568/FuX5oevS5pcbYbjTmgjm8GeJUYjw37y+5Rt0JhpL5KHQFub274z6xaUKqB3x8Gvfz3RjibfIA==",
      "requires": {
        "lodash.get": "^4.4.2",
        "lodash.reduce": "^4.6.0",
        "protodef-validator": "^1.2.2",
        "readable-stream": "^3.0.3"
      }
    },
    "protodef-validator": {
      "version": "1.2.3",
      "resolved": "https://registry.npmjs.org/protodef-validator/-/protodef-validator-1.2.3.tgz",
      "integrity": "sha512-dMcSMYRh8s0z0iQN0PLVlXwJOgN8cgBuM1uWzhMjkLdpKCOASwp+h7wHnTigBTRVhGLywykcb3EKiGSsXX4vvA==",
      "requires": {
        "ajv": "^6.5.4"
      }
    },
    "punycode": {
      "version": "2.1.1",
      "resolved": "https://registry.npmjs.org/punycode/-/punycode-2.1.1.tgz",
      "integrity": "sha512-XRsRjdf+j5ml+y/6GKHPZbrF/8p2Yga0JPtdqTIY2Xe5ohJPD9saDJJLPvp9+NSBprVvevdXZybnj2cv8OEd0A=="
    },
    "random-seed": {
      "version": "0.3.0",
      "resolved": "https://registry.npmjs.org/random-seed/-/random-seed-0.3.0.tgz",
      "integrity": "sha1-2UXy4fOPSejViRNDG4v2u5N1Vs0=",
      "requires": {
        "json-stringify-safe": "^5.0.1"
      }
    },
    "readable-stream": {
      "version": "3.5.0",
      "resolved": "https://registry.npmjs.org/readable-stream/-/readable-stream-3.5.0.tgz",
      "integrity": "sha512-gSz026xs2LfxBPudDuI41V1lka8cxg64E66SGe78zJlsUofOg/yqwezdIcdfwik6B4h8LFmWPA9ef9X3FiNFLA==",
      "requires": {
        "inherits": "^2.0.3",
        "string_decoder": "^1.1.1",
        "util-deprecate": "^1.0.1"
      }
    },
    "safe-buffer": {
      "version": "5.2.0",
      "resolved": "https://registry.npmjs.org/safe-buffer/-/safe-buffer-5.2.0.tgz",
      "integrity": "sha512-fZEwUGbVl7kouZs1jCdMLdt95hdIv0ZeHg6L7qPeciMZhZ+/gdesW4wgTARkrFWEpspjEATAzUGPG8N2jJiwbg=="
    },
    "sprintf-js": {
      "version": "1.1.2",
      "resolved": "https://registry.npmjs.org/sprintf-js/-/sprintf-js-1.1.2.tgz",
      "integrity": "sha512-VE0SOVEHCk7Qc8ulkWw3ntAzXuqf7S2lvwQaDLRnUeIEaKNQJzV6BwmLKhOqT61aGhfUMrXeaBk+oDGCzvhcug=="
    },
    "string_decoder": {
      "version": "1.3.0",
      "resolved": "https://registry.npmjs.org/string_decoder/-/string_decoder-1.3.0.tgz",
      "integrity": "sha512-hkRX8U1WjJFd8LsDJ2yQ/wWWxaopEsABU1XfkM8A+j0+85JAGppt16cr1Whg6KIbb4okU6Mql6BOj+uup/wKeA==",
      "requires": {
        "safe-buffer": "~5.2.0"
      }
    },
    "uint4": {
      "version": "0.1.2",
      "resolved": "https://registry.npmjs.org/uint4/-/uint4-0.1.2.tgz",
      "integrity": "sha1-UMWuBLhdKBKPLfPMDsxNQavC9oE="
    },
    "uri-js": {
      "version": "4.2.2",
      "resolved": "https://registry.npmjs.org/uri-js/-/uri-js-4.2.2.tgz",
      "integrity": "sha512-KY9Frmirql91X2Qgjry0Wd4Y+YTdrdZheS8TFwvkbLWf/G5KNJDCh6pKL5OZctEW4+0Baa5idK2ZQuELRwPznQ==",
      "requires": {
        "punycode": "^2.1.0"
      }
    },
    "util-deprecate": {
      "version": "1.0.2",
      "resolved": "https://registry.npmjs.org/util-deprecate/-/util-deprecate-1.0.2.tgz",
      "integrity": "sha1-RQ1Nyfpw3nMnYvvS1KKJgUGaDM8="
    },
    "uuid": {
      "version": "3.4.0",
      "resolved": "https://registry.npmjs.org/uuid/-/uuid-3.4.0.tgz",
      "integrity": "sha512-HjSDRw6gZE5JMggctHBcjVak08+KEVhSIiDzFnT9S9aegmp85S/bReBVTb4QTFaRNptJ9kuYaNhnbNEOkbKb/A=="
    },
    "uuid-1345": {
      "version": "0.99.7",
      "resolved": "https://registry.npmjs.org/uuid-1345/-/uuid-1345-0.99.7.tgz",
      "integrity": "sha512-A70cwvqH95zULri1/t00/r6Bd97hKpNvS9SoSLP9Bupn95sX/01JkOuH9YjJrmNul7ZAjyX3Y3ZMlDrCjuoNPQ==",
      "requires": {
        "macaddress": "^0.2.9"
      }
    },
    "vec3": {
      "version": "0.1.3",
      "resolved": "https://registry.npmjs.org/vec3/-/vec3-0.1.3.tgz",
      "integrity": "sha1-9ZUuEFN9nW64VLirfO8BsvwU5a8="
    },
    "yggdrasil": {
      "version": "1.2.0",
      "resolved": "https://registry.npmjs.org/yggdrasil/-/yggdrasil-1.2.0.tgz",
      "integrity": "sha512-IQ/08tssYIsKOEZq6E9o4r0r3rGkg2uRpaKc7eMrrIRQ8mwWz2XK3fa9LL7MHWHbu8T+tztRdg72OC/tR5QcQA==",
      "requires": {
        "phin": "^2.2.1",
        "uuid": "^3.1.0"
      }
    }
  }
}
