{
  "name": "benchmark",
  "version": "1.0.0",
  "lockfileVersion": 1,
  "requires": true,
  "dependencies": {
    "Set": {
      "version": "0.4.1",
      "resolved": "https://registry.npmjs.org/Set/-/Set-0.4.1.tgz",
      "integrity": "sha1-g4VYe+mGPknS/9eoXhoeSxFjPKY="
    },
    "a-star": {
      "version": "0.2.0",
      "resolved": "https://registry.npmjs.org/a-star/-/a-star-0.2.0.tgz",
      "integrity": "sha1-oUI8gww7+aJZ1JC/vycQ55LwRPk=",
      "requires": {
        "Set": "0.4.1",
        "dict": "1.4.0",
        "heap": "0.2.6"
      }
    },
    "ajv": {
      "version": "4.11.8",
      "resolved": "https://registry.npmjs.org/ajv/-/ajv-4.11.8.tgz",
      "integrity": "sha1-gv+wKynmYq5TvcIK8VlHcGc5xTY=",
      "requires": {
        "co": "4.6.0",
        "json-stable-stringify": "1.0.1"
      }
    },
    "asn1": {
      "version": "0.2.3",
      "resolved": "https://registry.npmjs.org/asn1/-/asn1-0.2.3.tgz",
      "integrity": "sha1-2sh4dxPJlmhJ/IGAd36+nB3fO4Y="
    },
    "buffer-equal": {
      "version": "1.0.0",
      "resolved": "https://registry.npmjs.org/buffer-equal/-/buffer-equal-1.0.0.tgz",
      "integrity": "sha1-WWFrSYME1Var1GaWayLu2j7KX74="
    },
    "co": {
      "version": "4.6.0",
      "resolved": "https://registry.npmjs.org/co/-/co-4.6.0.tgz",
      "integrity": "sha1-bqa989hTrlTMuOR7+gvz+QMfsYQ="
    },
    "core-util-is": {
      "version": "1.0.2",
      "resolved": "https://registry.npmjs.org/core-util-is/-/core-util-is-1.0.2.tgz",
      "integrity": "sha1-tf1UIgqivFq1eqtxQMlAdUUDwac="
    },
    "debug": {
      "version": "3.1.0",
      "resolved": "https://registry.npmjs.org/debug/-/debug-3.1.0.tgz",
      "integrity": "sha512-OX8XqP7/1a9cqkxYw2yXss15f26NKWBpDXQd0/uK/KPqdQhxbPa994hnzjcE2VqQpDslf55723cKPUOGSmMY3g==",
      "requires": {
        "ms": "2.0.0"
      }
    },
    "dict": {
      "version": "1.4.0",
      "resolved": "https://registry.npmjs.org/dict/-/dict-1.4.0.tgz",
      "integrity": "sha1-g9h9V88MSsDYNGCESLEKbiO7/qA="
    },
    "endian-toggle": {
      "version": "0.0.0",
      "resolved": "https://registry.npmjs.org/endian-toggle/-/endian-toggle-0.0.0.tgz",
      "integrity": "sha1-5cx1eLEDLW7gHq/Nc3ZdsNtNwKY="
    },
    "heap": {
      "version": "0.2.6",
      "resolved": "https://registry.npmjs.org/heap/-/heap-0.2.6.tgz",
      "integrity": "sha1-CH4fELBGky/IWU3Z5tN4r8nR5aw="
    },
    "inherits": {
      "version": "2.0.3",
      "resolved": "https://registry.npmjs.org/inherits/-/inherits-2.0.3.tgz",
      "integrity": "sha1-Yzwsg+PaQqUC9SRmAiSA9CCCYd4="
    },
    "isarray": {
      "version": "1.0.0",
      "resolved": "https://registry.npmjs.org/isarray/-/isarray-1.0.0.tgz",
      "integrity": "sha1-u5NdSFgsuhaMBoNJV6VKPgcSTxE="
    },
    "json-stable-stringify": {
      "version": "1.0.1",
      "resolved": "https://registry.npmjs.org/json-stable-stringify/-/json-stable-stringify-1.0.1.tgz",
      "integrity": "sha1-mnWdOcXy/1A/1TAGRu1EX4jE+a8=",
      "requires": {
        "jsonify": "0.0.0"
      }
    },
    "json-stringify-safe": {
      "version": "5.0.1",
      "resolved": "https://registry.npmjs.org/json-stringify-safe/-/json-stringify-safe-5.0.1.tgz",
      "integrity": "sha1-Epai1Y/UXxmg9s4B1lcB4sc1tus="
    },
    "jsonify": {
      "version": "0.0.0",
      "resolved": "https://registry.npmjs.org/jsonify/-/jsonify-0.0.0.tgz",
      "integrity": "sha1-LHS27kHZPKUbe1qu6PUDYx0lKnM="
    },
    "lodash.get": {
      "version": "4.4.2",
      "resolved": "https://registry.npmjs.org/lodash.get/-/lodash.get-4.4.2.tgz",
      "integrity": "sha1-LRd/ZS+jHpObRDjVNBSZ36OCXpk="
    },
    "lodash.merge": {
      "version": "4.6.1",
      "resolved": "https://registry.npmjs.org/lodash.merge/-/lodash.merge-4.6.1.tgz",
      "integrity": "sha512-AOYza4+Hf5z1/0Hztxpm2/xiPZgi/cjMqdnKTUWTBSKchJlxXXuUSxCCl8rJlf4g6yww/j6mA8nC8Hw/EZWxKQ=="
    },
    "lodash.reduce": {
      "version": "4.6.0",
      "resolved": "https://registry.npmjs.org/lodash.reduce/-/lodash.reduce-4.6.0.tgz",
      "integrity": "sha1-8atrg5KZrUj3hKu/R2WW8DuRTTs="
    },
    "macaddress": {
      "version": "0.2.8",
      "resolved": "https://registry.npmjs.org/macaddress/-/macaddress-0.2.8.tgz",
      "integrity": "sha1-WQTcU3w57G2+/q6QIycTX6hRHxI="
    },
    "minecraft-data": {
      "version": "2.26.0",
      "resolved": "https://registry.npmjs.org/minecraft-data/-/minecraft-data-2.26.0.tgz",
      "integrity": "sha512-d8E7F8+pm3Xt8b0JB3+3oU/XnKM3FGwmd2EAVnO4XCI6ypCfz6AXCxMStbyWMdftxZjWb+NQWKelWVTz/p5z4g=="
    },
    "minecraft-protocol": {
      "version": "1.5.2",
      "resolved": "https://registry.npmjs.org/minecraft-protocol/-/minecraft-protocol-1.5.2.tgz",
      "integrity": "sha512-OCzlppRsJRZC2vJJR+USY4kVmFFyPNj4clttlk4+kqPFFnyn09IOitlJnUZf0PLss8FONIUV5v3rspO1bGTozQ==",
      "requires": {
        "buffer-equal": "1.0.0",
        "debug": "3.1.0",
        "endian-toggle": "0.0.0",
        "lodash.get": "4.4.2",
        "lodash.merge": "4.6.1",
        "minecraft-data": "2.26.0",
        "node-rsa": "0.4.2",
        "prismarine-nbt": "1.2.0",
        "protodef": "1.6.6",
        "readable-stream": "2.3.6",
        "uuid-1345": "0.99.6",
        "yggdrasil": "1.1.1"
      }
    },
    "mineflayer": {
      "version": "2.7.1",
      "resolved": "https://registry.npmjs.org/mineflayer/-/mineflayer-2.7.1.tgz",
      "integrity": "sha512-AQoVS0GsYeDnkjKyjcwhyphRdMki0PAWcFUMeXy0an/O5C6vWeyh+yzVdPYJwZ9onR49siShaAdD7ZFca/ndhQ==",
      "requires": {
        "minecraft-data": "2.26.0",
        "minecraft-protocol": "1.5.2",
        "mojangson": "0.2.3",
        "prismarine-biome": "1.0.1",
        "prismarine-block": "1.0.1",
        "prismarine-chunk": "1.9.0",
        "prismarine-entity": "0.2.0",
        "prismarine-item": "1.0.2",
        "prismarine-recipe": "1.0.1",
        "prismarine-windows": "1.1.0",
        "protodef": "1.6.7",
        "sprintf-js": "1.1.1",
        "vec3": "0.1.3"
      },
      "dependencies": {
        "prismarine-chunk": {
          "version": "1.9.0",
          "resolved": "https://registry.npmjs.org/prismarine-chunk/-/prismarine-chunk-1.9.0.tgz",
          "integrity": "sha512-QORafi61XdmTRqWgNwqsxTDBM22MYwRwejYN9RBvzejHswQXaJyxjn2FKxDX9DJN5HszxyIxAC0Fa+ZyvM3E/A==",
          "requires": {
            "prismarine-block": "1.0.1",
            "protodef": "1.6.7",
            "uint4": "0.1.2",
            "vec3": "0.1.3"
          }
        },
        "protodef": {
          "version": "1.6.7",
          "resolved": "https://registry.npmjs.org/protodef/-/protodef-1.6.7.tgz",
          "integrity": "sha512-u/IH2dL2jIRLrvVbqT2XJbF8wJjaVd2XbjaO5sPTtaEWQSCOoGm+810pc3ZAarXz96uZ3yEEECV/Pa7aEOfRZw==",
          "requires": {
            "lodash.get": "4.4.2",
            "lodash.reduce": "4.6.0",
            "protodef-validator": "1.2.0",
            "readable-stream": "2.3.6"
          }
        }
      }
    },
    "mineflayer-navigate": {
      "version": "0.0.10",
      "resolved": "https://registry.npmjs.org/mineflayer-navigate/-/mineflayer-navigate-0.0.10.tgz",
      "integrity": "sha1-fbUrR/1ByaJT5IeIXtR8f8P7UPg=",
      "requires": {
        "a-star": "0.2.0",
        "vec3": "0.1.3"
      }
    },
    "mineflayer-scaffold": {
      "version": "0.0.5",
      "resolved": "https://registry.npmjs.org/mineflayer-scaffold/-/mineflayer-scaffold-0.0.5.tgz",
      "integrity": "sha1-Exc+mpTMvbcXPbhKmb3xS9aH7bQ="
    },
    "mojangson": {
      "version": "0.2.3",
      "resolved": "https://registry.npmjs.org/mojangson/-/mojangson-0.2.3.tgz",
      "integrity": "sha1-TQ625QUgdOUECzmX+1Hdl0SxHlQ="
    },
    "ms": {
      "version": "2.0.0",
      "resolved": "https://registry.npmjs.org/ms/-/ms-2.0.0.tgz",
      "integrity": "sha1-VgiurfwAvmwpAd9fmGF4jeDVl8g="
    },
    "node-rsa": {
      "version": "0.4.2",
      "resolved": "https://registry.npmjs.org/node-rsa/-/node-rsa-0.4.2.tgz",
      "integrity": "sha1-1jkXKewWqDDtWjgEKzFX0tXXJTA=",
      "requires": {
        "asn1": "0.2.3"
      }
    },
    "phin": {
      "version": "2.9.0",
      "resolved": "https://registry.npmjs.org/phin/-/phin-2.9.0.tgz",
      "integrity": "sha512-2az4ADCnoEsaEy00UNJSkwFbp4B4ti53AKT26/Dt8lWtw/DABhx+PWpf+wKC7KsqnJoSd9FZ5NpuGc+I8c5ZUg=="
    },
    "prismarine-biome": {
      "version": "1.0.1",
      "resolved": "https://registry.npmjs.org/prismarine-biome/-/prismarine-biome-1.0.1.tgz",
      "integrity": "sha1-AuTglRwfEVCLXKy7AU67dt3dsE0="
    },
    "prismarine-block": {
      "version": "1.0.1",
      "resolved": "https://registry.npmjs.org/prismarine-block/-/prismarine-block-1.0.1.tgz",
      "integrity": "sha1-W16mFCa0zWvDkv5a2CcPv39WdeI=",
      "requires": {
        "prismarine-biome": "1.0.1"
      }
    },
    "prismarine-entity": {
      "version": "0.2.0",
      "resolved": "https://registry.npmjs.org/prismarine-entity/-/prismarine-entity-0.2.0.tgz",
      "integrity": "sha1-vbLBr6cHjl8Kt2ETTiI7B0ks7bw=",
      "requires": {
        "vec3": "0.1.3"
      }
    },
    "prismarine-item": {
      "version": "1.0.2",
      "resolved": "https://registry.npmjs.org/prismarine-item/-/prismarine-item-1.0.2.tgz",
      "integrity": "sha1-aCv2gQjJ7q7n7eVjkUFZ9BXpMVg="
    },
    "prismarine-nbt": {
      "version": "1.2.0",
      "resolved": "https://registry.npmjs.org/prismarine-nbt/-/prismarine-nbt-1.2.0.tgz",
      "integrity": "sha512-/0ONt0GJidcffqnrMyjkAoo0pkelylVmNc1G3eELnL7yYczvXF+rD2EqA2T+pAQd8+aMOz/owIs50Bjop5KFrA==",
      "requires": {
        "protodef": "1.6.6"
      }
    },
    "prismarine-recipe": {
      "version": "1.0.1",
      "resolved": "https://registry.npmjs.org/prismarine-recipe/-/prismarine-recipe-1.0.1.tgz",
      "integrity": "sha1-paMnlrMyyQ7B240UwAgRRVQ9Bz4="
    },
    "prismarine-windows": {
      "version": "1.1.0",
      "resolved": "https://registry.npmjs.org/prismarine-windows/-/prismarine-windows-1.1.0.tgz",
      "integrity": "sha1-XieSbUEoZh7E/Xo1OKAkFK9GNs8=",
      "requires": {
        "prismarine-item": "1.0.2"
      }
    },
    "process-nextick-args": {
      "version": "2.0.0",
      "resolved": "https://registry.npmjs.org/process-nextick-args/-/process-nextick-args-2.0.0.tgz",
      "integrity": "sha512-MtEC1TqN0EU5nephaJ4rAtThHtC86dNN9qCuEhtshvpVBkAW5ZO7BASN9REnF9eoXGcRub+pFuKEpOHE+HbEMw=="
    },
    "protodef": {
      "version": "1.6.6",
      "resolved": "https://registry.npmjs.org/protodef/-/protodef-1.6.6.tgz",
      "integrity": "sha512-0Ysonzlajd7AkpvHpiv33UB15+0hf5DBy/4d44jV8t9ME/6t78IXctb+ST/6CajGwsDQOE2pkk4aMu5azmmfjQ==",
      "requires": {
        "lodash.get": "4.4.2",
        "lodash.reduce": "4.6.0",
        "protodef-validator": "1.2.0",
        "readable-stream": "2.3.6"
      }
    },
    "protodef-validator": {
      "version": "1.2.0",
      "resolved": "https://registry.npmjs.org/protodef-validator/-/protodef-validator-1.2.0.tgz",
      "integrity": "sha512-TcRqCiTnhCzGnrLiqDvtozKC03a1u59pnFUwBuAJKYAaQNj18e9RZLTQGZPDUGQZV+auA3fracl/YB4FNMvX9A==",
      "requires": {
        "ajv": "4.11.8"
      }
    },
    "random-seed": {
      "version": "0.3.0",
      "resolved": "https://registry.npmjs.org/random-seed/-/random-seed-0.3.0.tgz",
      "integrity": "sha1-2UXy4fOPSejViRNDG4v2u5N1Vs0=",
      "requires": {
        "json-stringify-safe": "5.0.1"
      }
    },
    "readable-stream": {
      "version": "2.3.6",
      "resolved": "https://registry.npmjs.org/readable-stream/-/readable-stream-2.3.6.tgz",
      "integrity": "sha512-tQtKA9WIAhBF3+VLAseyMqZeBjW0AHJoxOtYqSUZNJxauErmLbVm2FW1y+J/YA9dUrAC39ITejlZWhVIwawkKw==",
      "requires": {
        "core-util-is": "1.0.2",
        "inherits": "2.0.3",
        "isarray": "1.0.0",
        "process-nextick-args": "2.0.0",
        "safe-buffer": "5.1.2",
        "string_decoder": "1.1.1",
        "util-deprecate": "1.0.2"
      }
    },
    "safe-buffer": {
      "version": "5.1.2",
      "resolved": "https://registry.npmjs.org/safe-buffer/-/safe-buffer-5.1.2.tgz",
      "integrity": "sha512-Gd2UZBJDkXlY7GbJxfsE8/nvKkUEU1G38c1siN6QP6a9PT9MmHB8GnpscSmMJSoF8LOIrt8ud/wPtojys4G6+g=="
    },
    "sprintf-js": {
      "version": "1.1.1",
      "resolved": "https://registry.npmjs.org/sprintf-js/-/sprintf-js-1.1.1.tgz",
      "integrity": "sha1-Nr54Mgr+WAH2zqPueLblqrlA6gw="
    },
    "string_decoder": {
      "version": "1.1.1",
      "resolved": "https://registry.npmjs.org/string_decoder/-/string_decoder-1.1.1.tgz",
      "integrity": "sha512-n/ShnvDi6FHbbVfviro+WojiFzv+s8MPMHBczVePfUpDJLwoLT0ht1l4YwBCbi8pJAveEEdnkHyPyTP/mzRfwg==",
      "requires": {
        "safe-buffer": "5.1.2"
      }
    },
    "uint4": {
      "version": "0.1.2",
      "resolved": "https://registry.npmjs.org/uint4/-/uint4-0.1.2.tgz",
      "integrity": "sha1-UMWuBLhdKBKPLfPMDsxNQavC9oE="
    },
    "util-deprecate": {
      "version": "1.0.2",
      "resolved": "https://registry.npmjs.org/util-deprecate/-/util-deprecate-1.0.2.tgz",
      "integrity": "sha1-RQ1Nyfpw3nMnYvvS1KKJgUGaDM8="
    },
    "uuid": {
      "version": "3.2.1",
      "resolved": "https://registry.npmjs.org/uuid/-/uuid-3.2.1.tgz",
      "integrity": "sha512-jZnMwlb9Iku/O3smGWvZhauCf6cvvpKi4BKRiliS3cxnI+Gz9j5MEpTz2UFuXiKPJocb7gnsLHwiS05ige5BEA=="
    },
    "uuid-1345": {
      "version": "0.99.6",
      "resolved": "https://registry.npmjs.org/uuid-1345/-/uuid-1345-0.99.6.tgz",
      "integrity": "sha1-sScK4BWnchx63sbEbsFpxgmK7UA=",
      "requires": {
        "macaddress": "0.2.8"
      }
    },
    "vec3": {
      "version": "0.1.3",
      "resolved": "https://registry.npmjs.org/vec3/-/vec3-0.1.3.tgz",
      "integrity": "sha1-9ZUuEFN9nW64VLirfO8BsvwU5a8="
    },
    "yggdrasil": {
      "version": "1.1.1",
      "resolved": "https://registry.npmjs.org/yggdrasil/-/yggdrasil-1.1.1.tgz",
      "integrity": "sha1-dbNIjfayr0kAmohX8+Xc7uDDpeQ=",
      "requires": {
        "phin": "2.9.0",
        "uuid": "3.2.1"
      }
    }
  }
}
